
Microsoft Visual Studio Solution File, Format Version 12.00
# Visual Studio 15
VisualStudioVersion = 15.0.28307.421
MinimumVisualStudioVersion = 10.0.40219.1
Project("{FAE04EC0-301F-11D3-BF4B-00C04F79EFBC}") = "FilRougeApi", "FilRougeApi\FilRougeApi.csproj", "{74212CAB-6308-4DF5-84F2-AA912A0716A5}"
EndProject
Global
	GlobalSection(SolutionConfigurationPlatforms) = preSolution
		Debug|Any CPU = Debug|Any CPU
		Release|Any CPU = Release|Any CPU
	EndGlobalSection
	GlobalSection(ProjectConfigurationPlatforms) = postSolution
		{74212CAB-6308-4DF5-84F2-AA912A0716A5}.Debug|Any CPU.ActiveCfg = Debug|Any CPU
		{74212CAB-6308-4DF5-84F2-AA912A0716A5}.Debug|Any CPU.Build.0 = Debug|Any CPU
		{74212CAB-6308-4DF5-84F2-AA912A0716A5}.Release|Any CPU.ActiveCfg = Release|Any CPU
		{74212CAB-6308-4DF5-84F2-AA912A0716A5}.Release|Any CPU.Build.0 = Release|Any CPU
	EndGlobalSection
	GlobalSection(SolutionProperties) = preSolution
		HideSolutionNode = FALSE
	EndGlobalSection
	GlobalSection(ExtensibilityGlobals) = postSolution
		SolutionGuid = {A9ABE61C-22FC-44FA-95F9-2DC2033441E8}
	EndGlobalSection
EndGlobal
